<?xml version="1.0" encoding="UTF-8" standalone="yes" ?>
<CodeBlocks_project_file>
	<FileVersion major="1" minor="6" />
	<Project>
		<Option title="GalagaV2" />
		<Option pch_mode="2" />
		<Option compiler="gcc" />
		<Build>
			<Target title="Debug">
<<<<<<< HEAD:Galaga.05.cbp
				<Option output="bin/Debug/Galaga" prefix_auto="1" extension_auto="1" />
=======
				<Option output="bin/Debug/GalagaV2" prefix_auto="1" extension_auto="1" />
>>>>>>> 42e013bcabefbe05bd9a773349935c4c490d5fce:GalagaV2.cbp
				<Option object_output="obj/Debug/" />
				<Option type="1" />
				<Option compiler="gcc" />
				<Compiler>
					<Add option="-g" />
				</Compiler>
			</Target>
			<Target title="Release">
<<<<<<< HEAD:Galaga.05.cbp
				<Option output="bin/Release/Galaga" prefix_auto="1" extension_auto="1" />
=======
				<Option output="bin/Release/GalagaV2" prefix_auto="1" extension_auto="1" />
>>>>>>> 42e013bcabefbe05bd9a773349935c4c490d5fce:GalagaV2.cbp
				<Option object_output="obj/Release/" />
				<Option type="1" />
				<Option compiler="gcc" />
				<Compiler>
					<Add option="-O2" />
				</Compiler>
				<Linker>
					<Add option="-s" />
				</Linker>
			</Target>
		</Build>
		<Compiler>
			<Add option="-Wall" />
			<Add option="-fexceptions" />
			<Add directory="C:/SDL/include" />
		</Compiler>
<<<<<<< HEAD:Galaga.05.cbp
=======
		<Linker>
			<Add option="-lmingw32 -lSDL2main -lSDL2 -lSDL2_mixer" />
			<Add directory="C:/SDL/lib" />
		</Linker>
>>>>>>> 42e013bcabefbe05bd9a773349935c4c490d5fce:GalagaV2.cbp
		<Unit filename="SDL_Plotter.cpp" />
		<Unit filename="SDL_Plotter.h" />
		<Unit filename="Starfighter.cpp" />
		<Unit filename="Starfighter.h" />
		<Unit filename="main.cpp" />
		<Extensions>
			<code_completion />
			<envvars />
			<debugger />
		</Extensions>
	</Project>
</CodeBlocks_project_file>
